
Microsoft Visual Studio Solution File, Format Version 12.00
# Visual Studio Version 17
VisualStudioVersion = 17.10.34928.147
MinimumVisualStudioVersion = 10.0.40219.1
Project("{FAE04EC0-301F-11D3-BF4B-00C04F79EFBC}") = "fchamorroS2TallerCalificaciones", "fchamorroS2TallerCalificaciones\fchamorroS2TallerCalificaciones.csproj", "{A36D1C60-5E67-41F3-B3CD-609B63F2EE0D}"
EndProject
Global
	GlobalSection(SolutionConfigurationPlatforms) = preSolution
		Debug|Any CPU = Debug|Any CPU
		Release|Any CPU = Release|Any CPU
	EndGlobalSection
	GlobalSection(ProjectConfigurationPlatforms) = postSolution
		{A36D1C60-5E67-41F3-B3CD-609B63F2EE0D}.Debug|Any CPU.ActiveCfg = Debug|Any CPU
		{A36D1C60-5E67-41F3-B3CD-609B63F2EE0D}.Debug|Any CPU.Build.0 = Debug|Any CPU
		{A36D1C60-5E67-41F3-B3CD-609B63F2EE0D}.Debug|Any CPU.Deploy.0 = Debug|Any CPU
		{A36D1C60-5E67-41F3-B3CD-609B63F2EE0D}.Release|Any CPU.ActiveCfg = Release|Any CPU
		{A36D1C60-5E67-41F3-B3CD-609B63F2EE0D}.Release|Any CPU.Build.0 = Release|Any CPU
		{A36D1C60-5E67-41F3-B3CD-609B63F2EE0D}.Release|Any CPU.Deploy.0 = Release|Any CPU
	EndGlobalSection
	GlobalSection(SolutionProperties) = preSolution
		HideSolutionNode = FALSE
	EndGlobalSection
	GlobalSection(ExtensibilityGlobals) = postSolution
		SolutionGuid = {0932BF7F-E67A-4F5D-A3EA-DC8E02722940}
	EndGlobalSection
EndGlobal
